<Solution>
  <Folder Name="/Solution Items/">
    <File Path=".editorconfig" />
    <File Path=".gitignore" />
    <File Path="AGENTS.md" />
    <File Path="Directory.Build.props" />
    <File Path="Directory.Packages.props" />
    <File Path="global.json" />
    <File Path="HouseKeeper.slnLaunch.user" />
    <File Path="README.md" />
    <Folder Name="/Solution Items/.config/">
      <File Path=".config/dotnet-tools.json" />
    </Folder>
    <Folder Name="/Solution Items/.github/">
      <File Path=".github/AGENTS.md" />
      <File Path=".github/pull_request_template.md" />
      <Folder Name="/Solution Items/.github/ISSUE_TEMPLATE/" />
      <Folder Name="/Solution Items/.github/workflows/">
        <File Path=".github/workflows/ci.yml" />
      </Folder>
    </Folder>
    <Folder Name="/Solution Items/build/">
      <Folder Name="/Solution Items/build/scripts/" />
    </Folder>
    <Folder Name="/Solution Items/deploy/">
      <File Path="deploy/AGENTS.md" />
      <Folder Name="/Solution Items/deploy/containers/" />
      <Folder Name="/Solution Items/deploy/environments/" />
      <Folder Name="/Solution Items/deploy/local/">
        <File Path="deploy/local/compose.yaml" />
      </Folder>
    </Folder>
    <Folder Name="/Solution Items/docs/">
      <File Path="docs/foundation-backlog.md" />
      <Folder Name="/Solution Items/docs/architecture/">
        <File Path="docs/architecture/technical-recommendation.md" />
        <Folder Name="/Solution Items/docs/architecture/adr/">
          <File Path="docs/architecture/adr/README.md" />
        </Folder>
      </Folder>
      <Folder Name="/Solution Items/docs/development/">
        <File Path="docs/development/local-development.md" />
        <File Path="docs/development/pr-review-agent.md" />
      </Folder>
      <Folder Name="/Solution Items/docs/product/" />
    </Folder>
    <Folder Name="/Solution Items/scripts/">
      <File Path="scripts/AGENTS.md" />
      <File Path="scripts/assert-persistence.sh" />
      <File Path="scripts/dev.ps1" />
      <File Path="scripts/dev.sh" />
      <File Path="scripts/smoke.sh" />
    </Folder>
  </Folder>
  <Folder Name="/src/">
    <Project Path="src/HouseKeeper.Api/HouseKeeper.Api.csproj" />
    <Project Path="src/HouseKeeper.BuildingBlocks/HouseKeeper.BuildingBlocks.csproj" />
    <Project Path="src/HouseKeeper.Contracts/HouseKeeper.Contracts.csproj" />
    <Project Path="src/HouseKeeper.Web/HouseKeeper.Web.csproj" />
  </Folder>
  <Folder Name="/src/Modules/">
    <Project Path="src/Modules/HouseKeeper.Modules.Attachments/HouseKeeper.Modules.Attachments.csproj" />
    <Project Path="src/Modules/HouseKeeper.Modules.Households/HouseKeeper.Modules.Households.csproj" />
    <Project Path="src/Modules/HouseKeeper.Modules.Maintenance/HouseKeeper.Modules.Maintenance.csproj" />
    <Project Path="src/Modules/HouseKeeper.Modules.Notifications/HouseKeeper.Modules.Notifications.csproj" />
    <Project Path="src/Modules/HouseKeeper.Modules.Shopping/HouseKeeper.Modules.Shopping.csproj" />
    <Project Path="src/Modules/HouseKeeper.Modules.Tasks/HouseKeeper.Modules.Tasks.csproj" />
  </Folder>
  <Folder Name="/tests/">
    <Project Path="tests/HouseKeeper.ArchitectureTests/HouseKeeper.ArchitectureTests.csproj" />
    <Project Path="tests/HouseKeeper.EndToEndTests/HouseKeeper.EndToEndTests.csproj" />
    <Project Path="tests/HouseKeeper.Web.Tests/HouseKeeper.Web.Tests.csproj" />
  </Folder>
  <Folder Name="/tests/Modules/">
    <Project Path="tests/Modules/HouseKeeper.Modules.Households.Tests/HouseKeeper.Modules.Households.Tests.csproj" />
  </Folder>
</Solution>
