<Solution>
  <Folder Name="/Solution Items/">
    <File Path=".editorconfig" />
    <File Path=".gitignore" />
    <File Path="AGENTS.md" />
    <File Path="Directory.Build.props" />
    <File Path="Directory.Packages.props" />
    <File Path="docs/architecture/adr/README.md" />
    <File Path="docs/architecture/technical-recommendation.md" />
    <File Path="docs/development/github-project-setup.md" />
    <File Path="docs/development/local-development.md" />
    <File Path="docs/development/pr-review-agent.md" />
    <File Path="docs/development/release-promotion.md" />
    <File Path="docs/foundation-backlog.md" />
    <File Path="global.json" />
    <File Path="HouseKeeper.slnLaunch.user" />
    <File Path="README.md" />
  </Folder>
  <Folder Name="/src/">
    <Project Path="src/HouseKeeper.Api/HouseKeeper.Api.csproj" />
    <Project Path="src/HouseKeeper.BuildingBlocks/HouseKeeper.BuildingBlocks.csproj" />
    <Project Path="src/HouseKeeper.Contracts/HouseKeeper.Contracts.csproj" />
    <Project Path="src/HouseKeeper.Web/HouseKeeper.Web.csproj" />
  </Folder>
  <Folder Name="/src/Modules/">
    <Project Path="src/Modules/HouseKeeper.Modules.Attachments/HouseKeeper.Modules.Attachments.csproj" />
    <Project Path="src/Modules/HouseKeeper.Modules.Households/HouseKeeper.Modules.Households.csproj" />
    <Project Path="src/Modules/HouseKeeper.Modules.Maintenance/HouseKeeper.Modules.Maintenance.csproj" />
    <Project Path="src/Modules/HouseKeeper.Modules.Notifications/HouseKeeper.Modules.Notifications.csproj" />
    <Project Path="src/Modules/HouseKeeper.Modules.Shopping/HouseKeeper.Modules.Shopping.csproj" />
    <Project Path="src/Modules/HouseKeeper.Modules.Tasks/HouseKeeper.Modules.Tasks.csproj" />
  </Folder>
  <Folder Name="/tests/">
    <Project Path="tests/HouseKeeper.ArchitectureTests/HouseKeeper.ArchitectureTests.csproj" />
    <Project Path="tests/HouseKeeper.EndToEndTests/HouseKeeper.EndToEndTests.csproj" />
    <Project Path="tests/HouseKeeper.Web.Tests/HouseKeeper.Web.Tests.csproj" />
  </Folder>
  <Folder Name="/tests/Modules/">
    <Project Path="tests/Modules/HouseKeeper.Modules.Households.Tests/HouseKeeper.Modules.Households.Tests.csproj" />
  </Folder>
  <Folder Name="/deploy/" />
  <Folder Name="/deploy/aws/">
    <Project Path="deploy/aws/HouseKeeper.Infrastructure.csproj" />
  </Folder>
  <Folder Name="/deploy/aws/tests/">
    <Project Path="deploy/aws/tests/HouseKeeper.Infrastructure.Tests/HouseKeeper.Infrastructure.Tests.csproj" />
  </Folder>
</Solution>
